// !$*UTF8*$!
{
	archiveVersion = 1;
	classes = {
	};
	objectVersion = 46;
	objects = {

/* Begin PBXBuildFile section */
		D4AF26181ED6F5D700950AE6 /* AppDelegate.swift in Sources */ = {isa = PBXBuildFile; fileRef = D4AF26171ED6F5D700950AE6 /* AppDelegate.swift */; };
		D4AF261A1ED6F5D700950AE6 /* ViewController.swift in Sources */ = {isa = PBXBuildFile; fileRef = D4AF26191ED6F5D700950AE6 /* ViewController.swift */; };
		D4AF261D1ED6F5D700950AE6 /* Main.storyboard in Resources */ = {isa = PBXBuildFile; fileRef = D4AF261B1ED6F5D700950AE6 /* Main.storyboard */; };
		D4AF261F1ED6F5D700950AE6 /* Assets.xcassets in Resources */ = {isa = PBXBuildFile; fileRef = D4AF261E1ED6F5D700950AE6 /* Assets.xcassets */; };
		D4AF26221ED6F5D700950AE6 /* LaunchScreen.storyboard in Resources */ = {isa = PBXBuildFile; fileRef = D4AF26201ED6F5D700950AE6 /* LaunchScreen.storyboard */; };
		D4AF262B1ED6FE3100950AE6 /* Hal.ttf in Resources */ = {isa = PBXBuildFile; fileRef = D4AF262A1ED6FE3100950AE6 /* Hal.ttf */; };
		D4AF262D1ED6FF4900950AE6 /* Hal - Documentation.txt in Resources */ = {isa = PBXBuildFile; fileRef = D4AF262C1ED6FF4900950AE6 /* Hal - Documentation.txt */; };
/* End PBXBuildFile section */

/* Begin PBXFileReference section */
		D4AF26141ED6F5D700950AE6 /* LandingPage.app */ = {isa = PBXFileReference; explicitFileType = wrapper.application; includeInIndex = 0; path = LandingPage.app; sourceTree = BUILT_PRODUCTS_DIR; };
		D4AF26171ED6F5D700950AE6 /* AppDelegate.swift */ = {isa = PBXFileReference; lastKnownFileType = sourcecode.swift; path = AppDelegate.swift; sourceTree = "<group>"; };
		D4AF26191ED6F5D700950AE6 /* ViewController.swift */ = {isa = PBXFileReference; lastKnownFileType = sourcecode.swift; path = ViewController.swift; sourceTree = "<group>"; };
		D4AF261C1ED6F5D700950AE6 /* Base */ = {isa = PBXFileReference; lastKnownFileType = file.storyboard; name = Base; path = Base.lproj/Main.storyboard; sourceTree = "<group>"; };
		D4AF261E1ED6F5D700950AE6 /* Assets.xcassets */ = {isa = PBXFileReference; lastKnownFileType = folder.assetcatalog; path = Assets.xcassets; sourceTree = "<group>"; };
		D4AF26211ED6F5D700950AE6 /* Base */ = {isa = PBXFileReference; lastKnownFileType = file.storyboard; name = Base; path = Base.lproj/LaunchScreen.storyboard; sourceTree = "<group>"; };
		D4AF26231ED6F5D700950AE6 /* Info.plist */ = {isa = PBXFileReference; lastKnownFileType = text.plist.xml; path = Info.plist; sourceTree = "<group>"; };
		D4AF262A1ED6FE3100950AE6 /* Hal.ttf */ = {isa = PBXFileReference; lastKnownFileType = file; path = Hal.ttf; sourceTree = "<group>"; };
		D4AF262C1ED6FF4900950AE6 /* Hal - Documentation.txt */ = {isa = PBXFileReference; fileEncoding = 4; lastKnownFileType = text; path = "Hal - Documentation.txt"; sourceTree = "<group>"; };
/* End PBXFileReference section */

/* Begin PBXFrameworksBuildPhase section */
		D4AF26111ED6F5D700950AE6 /* Frameworks */ = {
			isa = PBXFrameworksBuildPhase;
			buildActionMask = 2147483647;
			files = (
			);
			runOnlyForDeploymentPostprocessing = 0;
		};
/* End PBXFrameworksBuildPhase section */

/* Begin PBXGroup section */
		D4AF260B1ED6F5D700950AE6 = {
			isa = PBXGroup;
			children = (
				D4AF26161ED6F5D700950AE6 /* LandingPage */,
				D4AF26151ED6F5D700950AE6 /* Products */,
			);
			sourceTree = "<group>";
		};
		D4AF26151ED6F5D700950AE6 /* Products */ = {
			isa = PBXGroup;
			children = (
				D4AF26141ED6F5D700950AE6 /* LandingPage.app */,
			);
			name = Products;
			sourceTree = "<group>";
		};
		D4AF26161ED6F5D700950AE6 /* LandingPage */ = {
			isa = PBXGroup;
			children = (
				D4AF26171ED6F5D700950AE6 /* AppDelegate.swift */,
				D4AF261E1ED6F5D700950AE6 /* Assets.xcassets */,
				D4AF26231ED6F5D700950AE6 /* Info.plist */,
				D4AF26201ED6F5D700950AE6 /* LaunchScreen.storyboard */,
				D4AF261B1ED6F5D700950AE6 /* Main.storyboard */,
				D4AF26291ED6FDFF00950AE6 /* Supporting Files */,
				D4AF26191ED6F5D700950AE6 /* ViewController.swift */,
			);
			path = LandingPage;
			sourceTree = "<group>";
		};
		D4AF26291ED6FDFF00950AE6 /* Supporting Files */ = {
			isa = PBXGroup;
			children = (
				D4AF262C1ED6FF4900950AE6 /* Hal - Documentation.txt */,
				D4AF262A1ED6FE3100950AE6 /* Hal.ttf */,
			);
			name = "Supporting Files";
			sourceTree = "<group>";
		};
/* End PBXGroup section */

/* Begin PBXNativeTarget section */
		D4AF26131ED6F5D700950AE6 /* LandingPage */ = {
			isa = PBXNativeTarget;
			buildConfigurationList = D4AF26261ED6F5D700950AE6 /* Build configuration list for PBXNativeTarget "LandingPage" */;
			buildPhases = (
				D4AF26101ED6F5D700950AE6 /* Sources */,
				D4AF26111ED6F5D700950AE6 /* Frameworks */,
				D4AF26121ED6F5D700950AE6 /* Resources */,
			);
			buildRules = (
			);
			dependencies = (
			);
			name = LandingPage;
			productName = LandingPage;
			productReference = D4AF26141ED6F5D700950AE6 /* LandingPage.app */;
			productType = "com.apple.product-type.application";
		};
/* End PBXNativeTarget section */

/* Begin PBXProject section */
		D4AF260C1ED6F5D700950AE6 /* Project object */ = {
			isa = PBXProject;
			attributes = {
				LastSwiftUpdateCheck = 0830;
				LastUpgradeCheck = 0830;
				ORGANIZATIONNAME = "Russell Van Bert";
				TargetAttributes = {
					D4AF26131ED6F5D700950AE6 = {
						CreatedOnToolsVersion = 8.3.2;
						ProvisioningStyle = Automatic;
					};
				};
			};
			buildConfigurationList = D4AF260F1ED6F5D700950AE6 /* Build configuration list for PBXProject "LandingPage" */;
			compatibilityVersion = "Xcode 3.2";
			developmentRegion = English;
			hasScannedForEncodings = 0;
			knownRegions = (
				en,
				Base,
			);
			mainGroup = D4AF260B1ED6F5D700950AE6;
			productRefGroup = D4AF26151ED6F5D700950AE6 /* Products */;
			projectDirPath = "";
			projectRoot = "";
			targets = (
				D4AF26131ED6F5D700950AE6 /* LandingPage */,
			);
		};
/* End PBXProject section */

/* Begin PBXResourcesBuildPhase section */
		D4AF26121ED6F5D700950AE6 /* Resources */ = {
			isa = PBXResourcesBuildPhase;
			buildActionMask = 2147483647;
			files = (
				D4AF262D1ED6FF4900950AE6 /* Hal - Documentation.txt in Resources */,
				D4AF262B1ED6FE3100950AE6 /* Hal.ttf in Resources */,
				D4AF26221ED6F5D700950AE6 /* LaunchScreen.storyboard in Resources */,
				D4AF261F1ED6F5D700950AE6 /* Assets.xcassets in Resources */,
				D4AF261D1ED6F5D700950AE6 /* Main.storyboard in Resources */,
			);
			runOnlyForDeploymentPostprocessing = 0;
		};
/* End PBXResourcesBuildPhase section */

/* Begin PBXSourcesBuildPhase section */
		D4AF26101ED6F5D700950AE6 /* Sources */ = {
			isa = PBXSourcesBuildPhase;
			buildActionMask = 2147483647;
			files = (
				D4AF261A1ED6F5D700950AE6 /* ViewController.swift in Sources */,
				D4AF26181ED6F5D700950AE6 /* AppDelegate.swift in Sources */,
			);
			runOnlyForDeploymentPostprocessing = 0;
		};
/* End PBXSourcesBuildPhase section */

/* Begin PBXVariantGroup section */
		D4AF261B1ED6F5D700950AE6 /* Main.storyboard */ = {
			isa = PBXVariantGroup;
			children = (
				D4AF261C1ED6F5D700950AE6 /* Base */,
			);
			name = Main.storyboard;
			sourceTree = "<group>";
		};
		D4AF26201ED6F5D700950AE6 /* LaunchScreen.storyboard */ = {
			isa = PBXVariantGroup;
			children = (
				D4AF26211ED6F5D700950AE6 /* Base */,
			);
			name = LaunchScreen.storyboard;
			sourceTree = "<group>";
		};
/* End PBXVariantGroup section */

/* Begin XCBuildConfiguration section */
		D4AF26241ED6F5D700950AE6 /* Debug */ = {
			isa = XCBuildConfiguration;
			buildSettings = {
				ALWAYS_SEARCH_USER_PATHS = NO;
				CLANG_ANALYZER_NONNULL = YES;
				CLANG_ANALYZER_NUMBER_OBJECT_CONVERSION = YES_AGGRESSIVE;
				CLANG_CXX_LANGUAGE_STANDARD = "gnu++0x";
				CLANG_CXX_LIBRARY = "libc++";
				CLANG_ENABLE_MODULES = YES;
				CLANG_ENABLE_OBJC_ARC = YES;
				CLANG_WARN_BOOL_CONVERSION = YES;
				CLANG_WARN_CONSTANT_CONVERSION = YES;
				CLANG_WARN_DIRECT_OBJC_ISA_USAGE = YES_ERROR;
				CLANG_WARN_DOCUMENTATION_COMMENTS = YES;
				CLANG_WARN_EMPTY_BODY = YES;
				CLANG_WARN_ENUM_CONVERSION = YES;
				CLANG_WARN_INFINITE_RECURSION = YES;
				CLANG_WARN_INT_CONVERSION = YES;
				CLANG_WARN_OBJC_ROOT_CLASS = YES_ERROR;
				CLANG_WARN_SUSPICIOUS_MOVE = YES;
				CLANG_WARN_UNREACHABLE_CODE = YES;
				CLANG_WARN__DUPLICATE_METHOD_MATCH = YES;
				"CODE_SIGN_IDENTITY[sdk=iphoneos*]" = "iPhone Developer";
				COPY_PHASE_STRIP = NO;
				DEBUG_INFORMATION_FORMAT = dwarf;
				ENABLE_STRICT_OBJC_MSGSEND = YES;
				ENABLE_TESTABILITY = YES;
				GCC_C_LANGUAGE_STANDARD = gnu99;
				GCC_DYNAMIC_NO_PIC = NO;
				GCC_NO_COMMON_BLOCKS = YES;
				GCC_OPTIMIZATION_LEVEL = 0;
				GCC_PREPROCESSOR_DEFINITIONS = (
					"DEBUG=1",
					"$(inherited)",
				);
				GCC_WARN_64_TO_32_BIT_CONVERSION = YES;
				GCC_WARN_ABOUT_RETURN_TYPE = YES_ERROR;
				GCC_WARN_UNDECLARED_SELECTOR = YES;
				GCC_WARN_UNINITIALIZED_AUTOS = YES_AGGRESSIVE;
				GCC_WARN_UNUSED_FUNCTION = YES;
				GCC_WARN_UNUSED_VARIABLE = YES;
				IPHONEOS_DEPLOYMENT_TARGET = 10.3;
				MTL_ENABLE_DEBUG_INFO = YES;
				ONLY_ACTIVE_ARCH = YES;
				SDKROOT = iphoneos;
				SWIFT_ACTIVE_COMPILATION_CONDITIONS = DEBUG;
				SWIFT_OPTIMIZATION_LEVEL = "-Onone";
			};
			name = Debug;
		};
		D4AF26251ED6F5D700950AE6 /* Release */ = {
			isa = XCBuildConfiguration;
			buildSettings = {
				ALWAYS_SEARCH_USER_PATHS = NO;
				CLANG_ANALYZER_NONNULL = YES;
				CLANG_ANALYZER_NUMBER_OBJECT_CONVERSION = YES_AGGRESSIVE;
				CLANG_CXX_LANGUAGE_STANDARD = "gnu++0x";
				CLANG_CXX_LIBRARY = "libc++";
				CLANG_ENABLE_MODULES = YES;
				CLANG_ENABLE_OBJC_ARC = YES;
				CLANG_WARN_BOOL_CONVERSION = YES;
				CLANG_WARN_CONSTANT_CONVERSION = YES;
				CLANG_WARN_DIRECT_OBJC_ISA_USAGE = YES_ERROR;
				CLANG_WARN_DOCUMENTATION_COMMENTS = YES;
				CLANG_WARN_EMPTY_BODY = YES;
				CLANG_WARN_ENUM_CONVERSION = YES;
				CLANG_WARN_INFINITE_RECURSION = YES;
				CLANG_WARN_INT_CONVERSION = YES;
				CLANG_WARN_OBJC_ROOT_CLASS = YES_ERROR;
				CLANG_WARN_SUSPICIOUS_MOVE = YES;
				CLANG_WARN_UNREACHABLE_CODE = YES;
				CLANG_WARN__DUPLICATE_METHOD_MATCH = YES;
				"CODE_SIGN_IDENTITY[sdk=iphoneos*]" = "iPhone Developer";
				COPY_PHASE_STRIP = NO;
				DEBUG_INFORMATION_FORMAT = "dwarf-with-dsym";
				ENABLE_NS_ASSERTIONS = NO;
				ENABLE_STRICT_OBJC_MSGSEND = YES;
				GCC_C_LANGUAGE_STANDARD = gnu99;
				GCC_NO_COMMON_BLOCKS = YES;
				GCC_WARN_64_TO_32_BIT_CONVERSION = YES;
				GCC_WARN_ABOUT_RETURN_TYPE = YES_ERROR;
				GCC_WARN_UNDECLARED_SELECTOR = YES;
				GCC_WARN_UNINITIALIZED_AUTOS = YES_AGGRESSIVE;
				GCC_WARN_UNUSED_FUNCTION = YES;
				GCC_WARN_UNUSED_VARIABLE = YES;
				IPHONEOS_DEPLOYMENT_TARGET = 10.3;
				MTL_ENABLE_DEBUG_INFO = NO;
				SDKROOT = iphoneos;
				SWIFT_OPTIMIZATION_LEVEL = "-Owholemodule";
				VALIDATE_PRODUCT = YES;
			};
			name = Release;
		};
		D4AF26271ED6F5D700950AE6 /* Debug */ = {
			isa = XCBuildConfiguration;
			buildSettings = {
				ASSETCATALOG_COMPILER_APPICON_NAME = AppIcon;
				INFOPLIST_FILE = LandingPage/Info.plist;
				LD_RUNPATH_SEARCH_PATHS = "$(inherited) @executable_path/Frameworks";
				PRODUCT_BUNDLE_IDENTIFIER = au.com.blueyarra.LandingPage;
				PRODUCT_NAME = "$(TARGET_NAME)";
				SWIFT_VERSION = 3.0;
			};
			name = Debug;
		};
		D4AF26281ED6F5D700950AE6 /* Release */ = {
			isa = XCBuildConfiguration;
			buildSettings = {
				ASSETCATALOG_COMPILER_APPICON_NAME = AppIcon;
				INFOPLIST_FILE = LandingPage/Info.plist;
				LD_RUNPATH_SEARCH_PATHS = "$(inherited) @executable_path/Frameworks";
				PRODUCT_BUNDLE_IDENTIFIER = au.com.blueyarra.LandingPage;
				PRODUCT_NAME = "$(TARGET_NAME)";
				SWIFT_VERSION = 3.0;
			};
			name = Release;
		};
/* End XCBuildConfiguration section */

/* Begin XCConfigurationList section */
		D4AF260F1ED6F5D700950AE6 /* Build configuration list for PBXProject "LandingPage" */ = {
			isa = XCConfigurationList;
			buildConfigurations = (
				D4AF26241ED6F5D700950AE6 /* Debug */,
				D4AF26251ED6F5D700950AE6 /* Release */,
			);
			defaultConfigurationIsVisible = 0;
			defaultConfigurationName = Release;
		};
		D4AF26261ED6F5D700950AE6 /* Build configuration list for PBXNativeTarget "LandingPage" */ = {
			isa = XCConfigurationList;
			buildConfigurations = (
				D4AF26271ED6F5D700950AE6 /* Debug */,
				D4AF26281ED6F5D700950AE6 /* Release */,
			);
			defaultConfigurationIsVisible = 0;
		};
/* End XCConfigurationList section */
	};
	rootObject = D4AF260C1ED6F5D700950AE6 /* Project object */;
}
