// !$*UTF8*$!
{
	archiveVersion = 1;
	classes = {
	};
	objectVersion = 46;
	objects = {

/* Begin PBXBuildFile section */
		D4A39EF31ED84513003422FE /* digital-7.ttf in Resources */ = {isa = PBXBuildFile; fileRef = D4A39EF21ED84513003422FE /* digital-7.ttf */; };
		D4A39EF51ED8451B003422FE /* readme.txt in Resources */ = {isa = PBXBuildFile; fileRef = D4A39EF41ED8451B003422FE /* readme.txt */; };
		D4A39EF71ED867DE003422FE /* Media.xcassets in Resources */ = {isa = PBXBuildFile; fileRef = D4A39EF61ED867DE003422FE /* Media.xcassets */; };
		D4B5A9881ED790E3002921A6 /* AppDelegate.swift in Sources */ = {isa = PBXBuildFile; fileRef = D4B5A9871ED790E3002921A6 /* AppDelegate.swift */; };
		D4B5A98A1ED790E3002921A6 /* ViewController.swift in Sources */ = {isa = PBXBuildFile; fileRef = D4B5A9891ED790E3002921A6 /* ViewController.swift */; };
		D4B5A98D1ED790E3002921A6 /* Main.storyboard in Resources */ = {isa = PBXBuildFile; fileRef = D4B5A98B1ED790E3002921A6 /* Main.storyboard */; };
		D4B5A9921ED790E3002921A6 /* LaunchScreen.storyboard in Resources */ = {isa = PBXBuildFile; fileRef = D4B5A9901ED790E3002921A6 /* LaunchScreen.storyboard */; };
/* End PBXBuildFile section */

/* Begin PBXContainerItemProxy section */
		D4B5A9991ED790E3002921A6 /* PBXContainerItemProxy */ = {
			isa = PBXContainerItemProxy;
			containerPortal = D4B5A97C1ED790E3002921A6 /* Project object */;
			proxyType = 1;
			remoteGlobalIDString = D4B5A9831ED790E3002921A6;
			remoteInfo = Calculator;
		};
/* End PBXContainerItemProxy section */

/* Begin PBXFileReference section */
		D4A39EF21ED84513003422FE /* digital-7.ttf */ = {isa = PBXFileReference; lastKnownFileType = file; path = "digital-7.ttf"; sourceTree = "<group>"; };
		D4A39EF41ED8451B003422FE /* readme.txt */ = {isa = PBXFileReference; fileEncoding = 4; lastKnownFileType = text; path = readme.txt; sourceTree = "<group>"; };
		D4A39EF61ED867DE003422FE /* Media.xcassets */ = {isa = PBXFileReference; lastKnownFileType = folder.assetcatalog; path = Media.xcassets; sourceTree = "<group>"; };
		D4B5A9841ED790E3002921A6 /* Calculator.app */ = {isa = PBXFileReference; explicitFileType = wrapper.application; includeInIndex = 0; path = Calculator.app; sourceTree = BUILT_PRODUCTS_DIR; };
		D4B5A9871ED790E3002921A6 /* AppDelegate.swift */ = {isa = PBXFileReference; lastKnownFileType = sourcecode.swift; path = AppDelegate.swift; sourceTree = "<group>"; };
		D4B5A9891ED790E3002921A6 /* ViewController.swift */ = {isa = PBXFileReference; lastKnownFileType = sourcecode.swift; path = ViewController.swift; sourceTree = "<group>"; };
		D4B5A98C1ED790E3002921A6 /* Base */ = {isa = PBXFileReference; lastKnownFileType = file.storyboard; name = Base; path = Base.lproj/Main.storyboard; sourceTree = "<group>"; };
		D4B5A9911ED790E3002921A6 /* Base */ = {isa = PBXFileReference; lastKnownFileType = file.storyboard; name = Base; path = Base.lproj/LaunchScreen.storyboard; sourceTree = "<group>"; };
		D4B5A9931ED790E3002921A6 /* Info.plist */ = {isa = PBXFileReference; lastKnownFileType = text.plist.xml; path = Info.plist; sourceTree = "<group>"; };
		D4B5A9981ED790E3002921A6 /* CalculatorTests.xctest */ = {isa = PBXFileReference; explicitFileType = wrapper.cfbundle; includeInIndex = 0; path = CalculatorTests.xctest; sourceTree = BUILT_PRODUCTS_DIR; };
/* End PBXFileReference section */

/* Begin PBXFrameworksBuildPhase section */
		D4B5A9811ED790E3002921A6 /* Frameworks */ = {
			isa = PBXFrameworksBuildPhase;
			buildActionMask = 2147483647;
			files = (
			);
			runOnlyForDeploymentPostprocessing = 0;
		};
		D4B5A9951ED790E3002921A6 /* Frameworks */ = {
			isa = PBXFrameworksBuildPhase;
			buildActionMask = 2147483647;
			files = (
			);
			runOnlyForDeploymentPostprocessing = 0;
		};
/* End PBXFrameworksBuildPhase section */

/* Begin PBXGroup section */
		D4A39EF11ED84501003422FE /* Fonts */ = {
			isa = PBXGroup;
			children = (
				D4A39EF41ED8451B003422FE /* readme.txt */,
				D4A39EF21ED84513003422FE /* digital-7.ttf */,
			);
			name = Fonts;
			sourceTree = "<group>";
		};
		D4B5A97B1ED790E3002921A6 = {
			isa = PBXGroup;
			children = (
				D4B5A9861ED790E3002921A6 /* Calculator */,
				D4B5A9851ED790E3002921A6 /* Products */,
			);
			sourceTree = "<group>";
		};
		D4B5A9851ED790E3002921A6 /* Products */ = {
			isa = PBXGroup;
			children = (
				D4B5A9841ED790E3002921A6 /* Calculator.app */,
				D4B5A9981ED790E3002921A6 /* CalculatorTests.xctest */,
			);
			name = Products;
			sourceTree = "<group>";
		};
		D4B5A9861ED790E3002921A6 /* Calculator */ = {
			isa = PBXGroup;
			children = (
				D4A39EF61ED867DE003422FE /* Media.xcassets */,
				D4A39EF11ED84501003422FE /* Fonts */,
				D4B5A9871ED790E3002921A6 /* AppDelegate.swift */,
				D4B5A9891ED790E3002921A6 /* ViewController.swift */,
				D4B5A98B1ED790E3002921A6 /* Main.storyboard */,
				D4B5A9901ED790E3002921A6 /* LaunchScreen.storyboard */,
				D4B5A9931ED790E3002921A6 /* Info.plist */,
			);
			path = Calculator;
			sourceTree = "<group>";
		};
/* End PBXGroup section */

/* Begin PBXNativeTarget section */
		D4B5A9831ED790E3002921A6 /* Calculator */ = {
			isa = PBXNativeTarget;
			buildConfigurationList = D4B5A9A11ED790E3002921A6 /* Build configuration list for PBXNativeTarget "Calculator" */;
			buildPhases = (
				D4B5A9801ED790E3002921A6 /* Sources */,
				D4B5A9811ED790E3002921A6 /* Frameworks */,
				D4B5A9821ED790E3002921A6 /* Resources */,
			);
			buildRules = (
			);
			dependencies = (
			);
			name = Calculator;
			productName = Calculator;
			productReference = D4B5A9841ED790E3002921A6 /* Calculator.app */;
			productType = "com.apple.product-type.application";
		};
		D4B5A9971ED790E3002921A6 /* CalculatorTests */ = {
			isa = PBXNativeTarget;
			buildConfigurationList = D4B5A9A41ED790E3002921A6 /* Build configuration list for PBXNativeTarget "CalculatorTests" */;
			buildPhases = (
				D4B5A9941ED790E3002921A6 /* Sources */,
				D4B5A9951ED790E3002921A6 /* Frameworks */,
				D4B5A9961ED790E3002921A6 /* Resources */,
			);
			buildRules = (
			);
			dependencies = (
				D4B5A99A1ED790E3002921A6 /* PBXTargetDependency */,
			);
			name = CalculatorTests;
			productName = CalculatorTests;
			productReference = D4B5A9981ED790E3002921A6 /* CalculatorTests.xctest */;
			productType = "com.apple.product-type.bundle.unit-test";
		};
/* End PBXNativeTarget section */

/* Begin PBXProject section */
		D4B5A97C1ED790E3002921A6 /* Project object */ = {
			isa = PBXProject;
			attributes = {
				LastSwiftUpdateCheck = 0830;
				LastUpgradeCheck = 0830;
				ORGANIZATIONNAME = "Russell Van Bert";
				TargetAttributes = {
					D4B5A9831ED790E3002921A6 = {
						CreatedOnToolsVersion = 8.3.2;
						ProvisioningStyle = Automatic;
					};
					D4B5A9971ED790E3002921A6 = {
						CreatedOnToolsVersion = 8.3.2;
						ProvisioningStyle = Automatic;
						TestTargetID = D4B5A9831ED790E3002921A6;
					};
				};
			};
			buildConfigurationList = D4B5A97F1ED790E3002921A6 /* Build configuration list for PBXProject "Calculator" */;
			compatibilityVersion = "Xcode 3.2";
			developmentRegion = English;
			hasScannedForEncodings = 0;
			knownRegions = (
				en,
				Base,
			);
			mainGroup = D4B5A97B1ED790E3002921A6;
			productRefGroup = D4B5A9851ED790E3002921A6 /* Products */;
			projectDirPath = "";
			projectRoot = "";
			targets = (
				D4B5A9831ED790E3002921A6 /* Calculator */,
				D4B5A9971ED790E3002921A6 /* CalculatorTests */,
			);
		};
/* End PBXProject section */

/* Begin PBXResourcesBuildPhase section */
		D4B5A9821ED790E3002921A6 /* Resources */ = {
			isa = PBXResourcesBuildPhase;
			buildActionMask = 2147483647;
			files = (
				D4A39EF71ED867DE003422FE /* Media.xcassets in Resources */,
				D4A39EF51ED8451B003422FE /* readme.txt in Resources */,
				D4B5A9921ED790E3002921A6 /* LaunchScreen.storyboard in Resources */,
				D4B5A98D1ED790E3002921A6 /* Main.storyboard in Resources */,
				D4A39EF31ED84513003422FE /* digital-7.ttf in Resources */,
			);
			runOnlyForDeploymentPostprocessing = 0;
		};
		D4B5A9961ED790E3002921A6 /* Resources */ = {
			isa = PBXResourcesBuildPhase;
			buildActionMask = 2147483647;
			files = (
			);
			runOnlyForDeploymentPostprocessing = 0;
		};
/* End PBXResourcesBuildPhase section */

/* Begin PBXSourcesBuildPhase section */
		D4B5A9801ED790E3002921A6 /* Sources */ = {
			isa = PBXSourcesBuildPhase;
			buildActionMask = 2147483647;
			files = (
				D4B5A98A1ED790E3002921A6 /* ViewController.swift in Sources */,
				D4B5A9881ED790E3002921A6 /* AppDelegate.swift in Sources */,
			);
			runOnlyForDeploymentPostprocessing = 0;
		};
		D4B5A9941ED790E3002921A6 /* Sources */ = {
			isa = PBXSourcesBuildPhase;
			buildActionMask = 2147483647;
			files = (
			);
			runOnlyForDeploymentPostprocessing = 0;
		};
/* End PBXSourcesBuildPhase section */

/* Begin PBXTargetDependency section */
		D4B5A99A1ED790E3002921A6 /* PBXTargetDependency */ = {
			isa = PBXTargetDependency;
			target = D4B5A9831ED790E3002921A6 /* Calculator */;
			targetProxy = D4B5A9991ED790E3002921A6 /* PBXContainerItemProxy */;
		};
/* End PBXTargetDependency section */

/* Begin PBXVariantGroup section */
		D4B5A98B1ED790E3002921A6 /* Main.storyboard */ = {
			isa = PBXVariantGroup;
			children = (
				D4B5A98C1ED790E3002921A6 /* Base */,
			);
			name = Main.storyboard;
			sourceTree = "<group>";
		};
		D4B5A9901ED790E3002921A6 /* LaunchScreen.storyboard */ = {
			isa = PBXVariantGroup;
			children = (
				D4B5A9911ED790E3002921A6 /* Base */,
			);
			name = LaunchScreen.storyboard;
			sourceTree = "<group>";
		};
/* End PBXVariantGroup section */

/* Begin XCBuildConfiguration section */
		D4B5A99F1ED790E3002921A6 /* Debug */ = {
			isa = XCBuildConfiguration;
			buildSettings = {
				ALWAYS_SEARCH_USER_PATHS = NO;
				CLANG_ANALYZER_NONNULL = YES;
				CLANG_ANALYZER_NUMBER_OBJECT_CONVERSION = YES_AGGRESSIVE;
				CLANG_CXX_LANGUAGE_STANDARD = "gnu++0x";
				CLANG_CXX_LIBRARY = "libc++";
				CLANG_ENABLE_MODULES = YES;
				CLANG_ENABLE_OBJC_ARC = YES;
				CLANG_WARN_BOOL_CONVERSION = YES;
				CLANG_WARN_CONSTANT_CONVERSION = YES;
				CLANG_WARN_DIRECT_OBJC_ISA_USAGE = YES_ERROR;
				CLANG_WARN_DOCUMENTATION_COMMENTS = YES;
				CLANG_WARN_EMPTY_BODY = YES;
				CLANG_WARN_ENUM_CONVERSION = YES;
				CLANG_WARN_INFINITE_RECURSION = YES;
				CLANG_WARN_INT_CONVERSION = YES;
				CLANG_WARN_OBJC_ROOT_CLASS = YES_ERROR;
				CLANG_WARN_SUSPICIOUS_MOVE = YES;
				CLANG_WARN_UNREACHABLE_CODE = YES;
				CLANG_WARN__DUPLICATE_METHOD_MATCH = YES;
				"CODE_SIGN_IDENTITY[sdk=iphoneos*]" = "iPhone Developer";
				COPY_PHASE_STRIP = NO;
				DEBUG_INFORMATION_FORMAT = dwarf;
				ENABLE_STRICT_OBJC_MSGSEND = YES;
				ENABLE_TESTABILITY = YES;
				GCC_C_LANGUAGE_STANDARD = gnu99;
				GCC_DYNAMIC_NO_PIC = NO;
				GCC_NO_COMMON_BLOCKS = YES;
				GCC_OPTIMIZATION_LEVEL = 0;
				GCC_PREPROCESSOR_DEFINITIONS = (
					"DEBUG=1",
					"$(inherited)",
				);
				GCC_WARN_64_TO_32_BIT_CONVERSION = YES;
				GCC_WARN_ABOUT_RETURN_TYPE = YES_ERROR;
				GCC_WARN_UNDECLARED_SELECTOR = YES;
				GCC_WARN_UNINITIALIZED_AUTOS = YES_AGGRESSIVE;
				GCC_WARN_UNUSED_FUNCTION = YES;
				GCC_WARN_UNUSED_VARIABLE = YES;
				IPHONEOS_DEPLOYMENT_TARGET = 10.3;
				MTL_ENABLE_DEBUG_INFO = YES;
				ONLY_ACTIVE_ARCH = YES;
				SDKROOT = iphoneos;
				SWIFT_ACTIVE_COMPILATION_CONDITIONS = DEBUG;
				SWIFT_OPTIMIZATION_LEVEL = "-Onone";
			};
			name = Debug;
		};
		D4B5A9A01ED790E3002921A6 /* Release */ = {
			isa = XCBuildConfiguration;
			buildSettings = {
				ALWAYS_SEARCH_USER_PATHS = NO;
				CLANG_ANALYZER_NONNULL = YES;
				CLANG_ANALYZER_NUMBER_OBJECT_CONVERSION = YES_AGGRESSIVE;
				CLANG_CXX_LANGUAGE_STANDARD = "gnu++0x";
				CLANG_CXX_LIBRARY = "libc++";
				CLANG_ENABLE_MODULES = YES;
				CLANG_ENABLE_OBJC_ARC = YES;
				CLANG_WARN_BOOL_CONVERSION = YES;
				CLANG_WARN_CONSTANT_CONVERSION = YES;
				CLANG_WARN_DIRECT_OBJC_ISA_USAGE = YES_ERROR;
				CLANG_WARN_DOCUMENTATION_COMMENTS = YES;
				CLANG_WARN_EMPTY_BODY = YES;
				CLANG_WARN_ENUM_CONVERSION = YES;
				CLANG_WARN_INFINITE_RECURSION = YES;
				CLANG_WARN_INT_CONVERSION = YES;
				CLANG_WARN_OBJC_ROOT_CLASS = YES_ERROR;
				CLANG_WARN_SUSPICIOUS_MOVE = YES;
				CLANG_WARN_UNREACHABLE_CODE = YES;
				CLANG_WARN__DUPLICATE_METHOD_MATCH = YES;
				"CODE_SIGN_IDENTITY[sdk=iphoneos*]" = "iPhone Developer";
				COPY_PHASE_STRIP = NO;
				DEBUG_INFORMATION_FORMAT = "dwarf-with-dsym";
				ENABLE_NS_ASSERTIONS = NO;
				ENABLE_STRICT_OBJC_MSGSEND = YES;
				GCC_C_LANGUAGE_STANDARD = gnu99;
				GCC_NO_COMMON_BLOCKS = YES;
				GCC_WARN_64_TO_32_BIT_CONVERSION = YES;
				GCC_WARN_ABOUT_RETURN_TYPE = YES_ERROR;
				GCC_WARN_UNDECLARED_SELECTOR = YES;
				GCC_WARN_UNINITIALIZED_AUTOS = YES_AGGRESSIVE;
				GCC_WARN_UNUSED_FUNCTION = YES;
				GCC_WARN_UNUSED_VARIABLE = YES;
				IPHONEOS_DEPLOYMENT_TARGET = 10.3;
				MTL_ENABLE_DEBUG_INFO = NO;
				SDKROOT = iphoneos;
				SWIFT_OPTIMIZATION_LEVEL = "-Owholemodule";
				VALIDATE_PRODUCT = YES;
			};
			name = Release;
		};
		D4B5A9A21ED790E3002921A6 /* Debug */ = {
			isa = XCBuildConfiguration;
			buildSettings = {
				ASSETCATALOG_COMPILER_APPICON_NAME = AppIcon;
				INFOPLIST_FILE = Calculator/Info.plist;
				LD_RUNPATH_SEARCH_PATHS = "$(inherited) @executable_path/Frameworks";
				PRODUCT_BUNDLE_IDENTIFIER = au.com.blueyarra.Calculator;
				PRODUCT_NAME = "$(TARGET_NAME)";
				SWIFT_VERSION = 3.0;
			};
			name = Debug;
		};
		D4B5A9A31ED790E3002921A6 /* Release */ = {
			isa = XCBuildConfiguration;
			buildSettings = {
				ASSETCATALOG_COMPILER_APPICON_NAME = AppIcon;
				INFOPLIST_FILE = Calculator/Info.plist;
				LD_RUNPATH_SEARCH_PATHS = "$(inherited) @executable_path/Frameworks";
				PRODUCT_BUNDLE_IDENTIFIER = au.com.blueyarra.Calculator;
				PRODUCT_NAME = "$(TARGET_NAME)";
				SWIFT_VERSION = 3.0;
			};
			name = Release;
		};
		D4B5A9A51ED790E3002921A6 /* Debug */ = {
			isa = XCBuildConfiguration;
			buildSettings = {
				ALWAYS_EMBED_SWIFT_STANDARD_LIBRARIES = YES;
				BUNDLE_LOADER = "$(TEST_HOST)";
				INFOPLIST_FILE = CalculatorTests/Info.plist;
				LD_RUNPATH_SEARCH_PATHS = "$(inherited) @executable_path/Frameworks @loader_path/Frameworks";
				PRODUCT_BUNDLE_IDENTIFIER = au.com.blueyarra.CalculatorTests;
				PRODUCT_NAME = "$(TARGET_NAME)";
				SWIFT_VERSION = 3.0;
				TEST_HOST = "$(BUILT_PRODUCTS_DIR)/Calculator.app/Calculator";
			};
			name = Debug;
		};
		D4B5A9A61ED790E3002921A6 /* Release */ = {
			isa = XCBuildConfiguration;
			buildSettings = {
				ALWAYS_EMBED_SWIFT_STANDARD_LIBRARIES = YES;
				BUNDLE_LOADER = "$(TEST_HOST)";
				INFOPLIST_FILE = CalculatorTests/Info.plist;
				LD_RUNPATH_SEARCH_PATHS = "$(inherited) @executable_path/Frameworks @loader_path/Frameworks";
				PRODUCT_BUNDLE_IDENTIFIER = au.com.blueyarra.CalculatorTests;
				PRODUCT_NAME = "$(TARGET_NAME)";
				SWIFT_VERSION = 3.0;
				TEST_HOST = "$(BUILT_PRODUCTS_DIR)/Calculator.app/Calculator";
			};
			name = Release;
		};
/* End XCBuildConfiguration section */

/* Begin XCConfigurationList section */
		D4B5A97F1ED790E3002921A6 /* Build configuration list for PBXProject "Calculator" */ = {
			isa = XCConfigurationList;
			buildConfigurations = (
				D4B5A99F1ED790E3002921A6 /* Debug */,
				D4B5A9A01ED790E3002921A6 /* Release */,
			);
			defaultConfigurationIsVisible = 0;
			defaultConfigurationName = Release;
		};
		D4B5A9A11ED790E3002921A6 /* Build configuration list for PBXNativeTarget "Calculator" */ = {
			isa = XCConfigurationList;
			buildConfigurations = (
				D4B5A9A21ED790E3002921A6 /* Debug */,
				D4B5A9A31ED790E3002921A6 /* Release */,
			);
			defaultConfigurationIsVisible = 0;
			defaultConfigurationName = Release;
		};
		D4B5A9A41ED790E3002921A6 /* Build configuration list for PBXNativeTarget "CalculatorTests" */ = {
			isa = XCConfigurationList;
			buildConfigurations = (
				D4B5A9A51ED790E3002921A6 /* Debug */,
				D4B5A9A61ED790E3002921A6 /* Release */,
			);
			defaultConfigurationIsVisible = 0;
			defaultConfigurationName = Release;
		};
/* End XCConfigurationList section */
	};
	rootObject = D4B5A97C1ED790E3002921A6 /* Project object */;
}
